
Microsoft Visual Studio Solution File, Format Version 12.00
# Visual Studio Version 16
VisualStudioVersion = 16.0.30011.22
MinimumVisualStudioVersion = 10.0.40219.1
Project("{8BC9CEB8-8B4A-11D0-8D11-00A0C91BC942}") = "GameEngineBase", "GameEngineBase\GameEngineBase.vcxproj", "{FB61E922-0BA7-44A7-A3D6-359AE7ABD761}"
EndProject
Project("{2150E333-8FDC-42A3-9474-1A3956D46DE8}") = "Doc", "Doc", "{AF0DF294-3BCC-409F-9D62-680DD13C09DE}"
	ProjectSection(SolutionItems) = preProject
		User의 단계.txt = User의 단계.txt
		서버파악방법.txt = 서버파악방법.txt
		프레임워크 파악 방법(구조).txt = 프레임워크 파악 방법(구조).txt
		핸들방식.txt = 핸들방식.txt
	EndProjectSection
EndProject
Project("{8BC9CEB8-8B4A-11D0-8D11-00A0C91BC942}") = "GameEngineObject", "GameEngineObject\GameEngineObject.vcxproj", "{029D42A5-381B-44DA-9B71-BDDB9DABCE17}"
EndProject
Project("{2150E333-8FDC-42A3-9474-1A3956D46DE8}") = "Base", "Base", "{2E580F06-EB81-4EBA-9680-7B16F9958D3E}"
EndProject
Project("{2150E333-8FDC-42A3-9474-1A3956D46DE8}") = "Mid", "Mid", "{69854A9B-8D7B-444F-984B-570FD2B78F9C}"
EndProject
Project("{2150E333-8FDC-42A3-9474-1A3956D46DE8}") = "App", "App", "{FEE6CBCF-9D30-45F0-BFD9-5522CBCDC2F0}"
EndProject
Project("{8BC9CEB8-8B4A-11D0-8D11-00A0C91BC942}") = "ServerApp", "ServerApp\ServerApp.vcxproj", "{6F380DD4-180F-4FA6-859C-CD241EAE22EC}"
	ProjectSection(ProjectDependencies) = postProject
		{D219A81B-6FD2-41F5-8611-1C14628442FD} = {D219A81B-6FD2-41F5-8611-1C14628442FD}
		{029D42A5-381B-44DA-9B71-BDDB9DABCE17} = {029D42A5-381B-44DA-9B71-BDDB9DABCE17}
		{37A22DF9-4661-4D38-87F9-06B52E0C316D} = {37A22DF9-4661-4D38-87F9-06B52E0C316D}
	EndProjectSection
EndProject
Project("{8BC9CEB8-8B4A-11D0-8D11-00A0C91BC942}") = "GameEngineNet", "GameEngineNet\GameEngineNet.vcxproj", "{D219A81B-6FD2-41F5-8611-1C14628442FD}"
	ProjectSection(ProjectDependencies) = postProject
		{FB61E922-0BA7-44A7-A3D6-359AE7ABD761} = {FB61E922-0BA7-44A7-A3D6-359AE7ABD761}
	EndProjectSection
EndProject
Project("{2150E333-8FDC-42A3-9474-1A3956D46DE8}") = "AppLib", "AppLib", "{30410ECA-C7B5-44A4-B402-59C320060AF2}"
EndProject
Project("{8BC9CEB8-8B4A-11D0-8D11-00A0C91BC942}") = "LogicContent", "LogicContent\LogicContent.vcxproj", "{37A22DF9-4661-4D38-87F9-06B52E0C316D}"
	ProjectSection(ProjectDependencies) = postProject
		{D219A81B-6FD2-41F5-8611-1C14628442FD} = {D219A81B-6FD2-41F5-8611-1C14628442FD}
		{FB61E922-0BA7-44A7-A3D6-359AE7ABD761} = {FB61E922-0BA7-44A7-A3D6-359AE7ABD761}
		{029D42A5-381B-44DA-9B71-BDDB9DABCE17} = {029D42A5-381B-44DA-9B71-BDDB9DABCE17}
	EndProjectSection
EndProject
Global
	GlobalSection(SolutionConfigurationPlatforms) = preSolution
		Debug|x64 = Debug|x64
		Debug|x86 = Debug|x86
		Release|x64 = Release|x64
		Release|x86 = Release|x86
		UnRelease|x64 = UnRelease|x64
		UnRelease|x86 = UnRelease|x86
	EndGlobalSection
	GlobalSection(ProjectConfigurationPlatforms) = postSolution
		{FB61E922-0BA7-44A7-A3D6-359AE7ABD761}.Debug|x64.ActiveCfg = Debug|x64
		{FB61E922-0BA7-44A7-A3D6-359AE7ABD761}.Debug|x64.Build.0 = Debug|x64
		{FB61E922-0BA7-44A7-A3D6-359AE7ABD761}.Debug|x86.ActiveCfg = Debug|Win32
		{FB61E922-0BA7-44A7-A3D6-359AE7ABD761}.Debug|x86.Build.0 = Debug|Win32
		{FB61E922-0BA7-44A7-A3D6-359AE7ABD761}.Release|x64.ActiveCfg = Release|x64
		{FB61E922-0BA7-44A7-A3D6-359AE7ABD761}.Release|x64.Build.0 = Release|x64
		{FB61E922-0BA7-44A7-A3D6-359AE7ABD761}.Release|x86.ActiveCfg = Release|Win32
		{FB61E922-0BA7-44A7-A3D6-359AE7ABD761}.Release|x86.Build.0 = Release|Win32
		{FB61E922-0BA7-44A7-A3D6-359AE7ABD761}.UnRelease|x64.ActiveCfg = UnRelease|x64
		{FB61E922-0BA7-44A7-A3D6-359AE7ABD761}.UnRelease|x64.Build.0 = UnRelease|x64
		{FB61E922-0BA7-44A7-A3D6-359AE7ABD761}.UnRelease|x86.ActiveCfg = UnRelease|Win32
		{FB61E922-0BA7-44A7-A3D6-359AE7ABD761}.UnRelease|x86.Build.0 = UnRelease|Win32
		{029D42A5-381B-44DA-9B71-BDDB9DABCE17}.Debug|x64.ActiveCfg = Debug|x64
		{029D42A5-381B-44DA-9B71-BDDB9DABCE17}.Debug|x64.Build.0 = Debug|x64
		{029D42A5-381B-44DA-9B71-BDDB9DABCE17}.Debug|x86.ActiveCfg = Debug|Win32
		{029D42A5-381B-44DA-9B71-BDDB9DABCE17}.Debug|x86.Build.0 = Debug|Win32
		{029D42A5-381B-44DA-9B71-BDDB9DABCE17}.Release|x64.ActiveCfg = Release|x64
		{029D42A5-381B-44DA-9B71-BDDB9DABCE17}.Release|x64.Build.0 = Release|x64
		{029D42A5-381B-44DA-9B71-BDDB9DABCE17}.Release|x86.ActiveCfg = Release|Win32
		{029D42A5-381B-44DA-9B71-BDDB9DABCE17}.Release|x86.Build.0 = Release|Win32
		{029D42A5-381B-44DA-9B71-BDDB9DABCE17}.UnRelease|x64.ActiveCfg = UnRelease|x64
		{029D42A5-381B-44DA-9B71-BDDB9DABCE17}.UnRelease|x64.Build.0 = UnRelease|x64
		{029D42A5-381B-44DA-9B71-BDDB9DABCE17}.UnRelease|x86.ActiveCfg = UnRelease|Win32
		{029D42A5-381B-44DA-9B71-BDDB9DABCE17}.UnRelease|x86.Build.0 = UnRelease|Win32
		{6F380DD4-180F-4FA6-859C-CD241EAE22EC}.Debug|x64.ActiveCfg = Debug|x64
		{6F380DD4-180F-4FA6-859C-CD241EAE22EC}.Debug|x64.Build.0 = Debug|x64
		{6F380DD4-180F-4FA6-859C-CD241EAE22EC}.Debug|x86.ActiveCfg = Debug|Win32
		{6F380DD4-180F-4FA6-859C-CD241EAE22EC}.Debug|x86.Build.0 = Debug|Win32
		{6F380DD4-180F-4FA6-859C-CD241EAE22EC}.Release|x64.ActiveCfg = Release|x64
		{6F380DD4-180F-4FA6-859C-CD241EAE22EC}.Release|x64.Build.0 = Release|x64
		{6F380DD4-180F-4FA6-859C-CD241EAE22EC}.Release|x86.ActiveCfg = Release|Win32
		{6F380DD4-180F-4FA6-859C-CD241EAE22EC}.Release|x86.Build.0 = Release|Win32
		{6F380DD4-180F-4FA6-859C-CD241EAE22EC}.UnRelease|x64.ActiveCfg = UnRelease|x64
		{6F380DD4-180F-4FA6-859C-CD241EAE22EC}.UnRelease|x64.Build.0 = UnRelease|x64
		{6F380DD4-180F-4FA6-859C-CD241EAE22EC}.UnRelease|x86.ActiveCfg = UnRelease|Win32
		{6F380DD4-180F-4FA6-859C-CD241EAE22EC}.UnRelease|x86.Build.0 = UnRelease|Win32
		{D219A81B-6FD2-41F5-8611-1C14628442FD}.Debug|x64.ActiveCfg = Debug|x64
		{D219A81B-6FD2-41F5-8611-1C14628442FD}.Debug|x64.Build.0 = Debug|x64
		{D219A81B-6FD2-41F5-8611-1C14628442FD}.Debug|x86.ActiveCfg = Debug|Win32
		{D219A81B-6FD2-41F5-8611-1C14628442FD}.Debug|x86.Build.0 = Debug|Win32
		{D219A81B-6FD2-41F5-8611-1C14628442FD}.Release|x64.ActiveCfg = Release|x64
		{D219A81B-6FD2-41F5-8611-1C14628442FD}.Release|x64.Build.0 = Release|x64
		{D219A81B-6FD2-41F5-8611-1C14628442FD}.Release|x86.ActiveCfg = Release|Win32
		{D219A81B-6FD2-41F5-8611-1C14628442FD}.Release|x86.Build.0 = Release|Win32
		{D219A81B-6FD2-41F5-8611-1C14628442FD}.UnRelease|x64.ActiveCfg = UnRelease|x64
		{D219A81B-6FD2-41F5-8611-1C14628442FD}.UnRelease|x64.Build.0 = UnRelease|x64
		{D219A81B-6FD2-41F5-8611-1C14628442FD}.UnRelease|x86.ActiveCfg = UnRelease|Win32
		{D219A81B-6FD2-41F5-8611-1C14628442FD}.UnRelease|x86.Build.0 = UnRelease|Win32
		{37A22DF9-4661-4D38-87F9-06B52E0C316D}.Debug|x64.ActiveCfg = Debug|x64
		{37A22DF9-4661-4D38-87F9-06B52E0C316D}.Debug|x64.Build.0 = Debug|x64
		{37A22DF9-4661-4D38-87F9-06B52E0C316D}.Debug|x86.ActiveCfg = Debug|Win32
		{37A22DF9-4661-4D38-87F9-06B52E0C316D}.Debug|x86.Build.0 = Debug|Win32
		{37A22DF9-4661-4D38-87F9-06B52E0C316D}.Release|x64.ActiveCfg = Release|x64
		{37A22DF9-4661-4D38-87F9-06B52E0C316D}.Release|x64.Build.0 = Release|x64
		{37A22DF9-4661-4D38-87F9-06B52E0C316D}.Release|x86.ActiveCfg = Release|Win32
		{37A22DF9-4661-4D38-87F9-06B52E0C316D}.Release|x86.Build.0 = Release|Win32
		{37A22DF9-4661-4D38-87F9-06B52E0C316D}.UnRelease|x64.ActiveCfg = UnRelease|x64
		{37A22DF9-4661-4D38-87F9-06B52E0C316D}.UnRelease|x64.Build.0 = UnRelease|x64
		{37A22DF9-4661-4D38-87F9-06B52E0C316D}.UnRelease|x86.ActiveCfg = UnRelease|Win32
		{37A22DF9-4661-4D38-87F9-06B52E0C316D}.UnRelease|x86.Build.0 = UnRelease|Win32
	EndGlobalSection
	GlobalSection(SolutionProperties) = preSolution
		HideSolutionNode = FALSE
	EndGlobalSection
	GlobalSection(NestedProjects) = preSolution
		{FB61E922-0BA7-44A7-A3D6-359AE7ABD761} = {2E580F06-EB81-4EBA-9680-7B16F9958D3E}
		{029D42A5-381B-44DA-9B71-BDDB9DABCE17} = {69854A9B-8D7B-444F-984B-570FD2B78F9C}
		{6F380DD4-180F-4FA6-859C-CD241EAE22EC} = {FEE6CBCF-9D30-45F0-BFD9-5522CBCDC2F0}
		{D219A81B-6FD2-41F5-8611-1C14628442FD} = {69854A9B-8D7B-444F-984B-570FD2B78F9C}
		{37A22DF9-4661-4D38-87F9-06B52E0C316D} = {30410ECA-C7B5-44A4-B402-59C320060AF2}
	EndGlobalSection
	GlobalSection(ExtensibilityGlobals) = postSolution
		SolutionGuid = {F39738C7-C372-44FA-9905-58E8F49C7BE3}
	EndGlobalSection
EndGlobal
